
Microsoft Visual Studio Solution File, Format Version 11.00
# Visual Studio 2010
Project("{FAE04EC0-301F-11D3-BF4B-00C04F79EFBC}") = "erp1", "erp1\erp1.csproj", "{22CD5F7D-1A1C-4B20-8E40-16B26305EC47}"
EndProject
Global
	GlobalSection(SolutionConfigurationPlatforms) = preSolution
		Debug|Any CPU = Debug|Any CPU
		Release|Any CPU = Release|Any CPU
	EndGlobalSection
	GlobalSection(ProjectConfigurationPlatforms) = postSolution
		{22CD5F7D-1A1C-4B20-8E40-16B26305EC47}.Debug|Any CPU.ActiveCfg = Debug|Any CPU
		{22CD5F7D-1A1C-4B20-8E40-16B26305EC47}.Debug|Any CPU.Build.0 = Debug|Any CPU
		{22CD5F7D-1A1C-4B20-8E40-16B26305EC47}.Release|Any CPU.ActiveCfg = Release|Any CPU
		{22CD5F7D-1A1C-4B20-8E40-16B26305EC47}.Release|Any CPU.Build.0 = Release|Any CPU
	EndGlobalSection
	GlobalSection(SolutionProperties) = preSolution
		HideSolutionNode = FALSE
	EndGlobalSection
EndGlobal
